
Microsoft Visual Studio Solution File, Format Version 12.00
# Visual Studio Version 18
VisualStudioVersion = 18.5.11709.299 stable
MinimumVisualStudioVersion = 10.0.40219.1
Project("{FAE04EC0-301F-11D3-BF4B-00C04F79EFBC}") = "BioGenesisX", "BioGenesisX.csproj", "{15FB959F-7A4B-8DFD-6AA6-8907705A9EE2}"
EndProject
Global
	GlobalSection(SolutionConfigurationPlatforms) = preSolution
		Debug|Any CPU = Debug|Any CPU
		Release|Any CPU = Release|Any CPU
	EndGlobalSection
	GlobalSection(ProjectConfigurationPlatforms) = postSolution
		{15FB959F-7A4B-8DFD-6AA6-8907705A9EE2}.Debug|Any CPU.ActiveCfg = Debug|Any CPU
		{15FB959F-7A4B-8DFD-6AA6-8907705A9EE2}.Debug|Any CPU.Build.0 = Debug|Any CPU
		{15FB959F-7A4B-8DFD-6AA6-8907705A9EE2}.Release|Any CPU.ActiveCfg = Release|Any CPU
		{15FB959F-7A4B-8DFD-6AA6-8907705A9EE2}.Release|Any CPU.Build.0 = Release|Any CPU
	EndGlobalSection
	GlobalSection(SolutionProperties) = preSolution
		HideSolutionNode = FALSE
	EndGlobalSection
	GlobalSection(ExtensibilityGlobals) = postSolution
		SolutionGuid = {B0B9A579-20E8-4568-B5AB-4D7D10F9BEC0}
	EndGlobalSection
EndGlobal
